
Microsoft Visual Studio Solution File, Format Version 12.00
# Visual Studio 15
VisualStudioVersion = 15.0.27130.2010
MinimumVisualStudioVersion = 10.0.40219.1
Project("{FAE04EC0-301F-11D3-BF4B-00C04F79EFBC}") = "App1Xamarin.Android", "App1Xamarin\App1Xamarin.Android\App1Xamarin.Android.csproj", "{78056D65-E88C-4C19-ACAA-0D4613B1A5AB}"
EndProject
Project("{FAE04EC0-301F-11D3-BF4B-00C04F79EFBC}") = "App1Xamarin.iOS", "App1Xamarin\App1Xamarin.iOS\App1Xamarin.iOS.csproj", "{6F56397B-EFF5-400D-BF2F-C73201E74DE9}"
EndProject
Project("{FAE04EC0-301F-11D3-BF4B-00C04F79EFBC}") = "App1Xamarin.UWP", "App1Xamarin\App1Xamarin.UWP\App1Xamarin.UWP.csproj", "{0C7FD17A-5975-4D17-83D3-F811B8DDD773}"
EndProject
Project("{D954291E-2A0B-460D-934E-DC6B0785DB48}") = "App1Xamarin", "App1Xamarin\App1Xamarin\App1Xamarin.shproj", "{49BFF851-3429-4353-A45C-21CBF72CBAC4}"
EndProject
Global
	GlobalSection(SharedMSBuildProjectFiles) = preSolution
		App1Xamarin\App1Xamarin\App1Xamarin.projitems*{0c7fd17a-5975-4d17-83d3-f811b8ddd773}*SharedItemsImports = 4
		App1Xamarin\App1Xamarin\App1Xamarin.projitems*{49bff851-3429-4353-a45c-21cbf72cbac4}*SharedItemsImports = 13
		App1Xamarin\App1Xamarin\App1Xamarin.projitems*{6f56397b-eff5-400d-bf2f-c73201e74de9}*SharedItemsImports = 4
		App1Xamarin\App1Xamarin\App1Xamarin.projitems*{78056d65-e88c-4c19-acaa-0d4613b1a5ab}*SharedItemsImports = 4
	EndGlobalSection
	GlobalSection(SolutionConfigurationPlatforms) = preSolution
		Ad-Hoc|Any CPU = Ad-Hoc|Any CPU
		Ad-Hoc|ARM = Ad-Hoc|ARM
		Ad-Hoc|iPhone = Ad-Hoc|iPhone
		Ad-Hoc|iPhoneSimulator = Ad-Hoc|iPhoneSimulator
		Ad-Hoc|x64 = Ad-Hoc|x64
		Ad-Hoc|x86 = Ad-Hoc|x86
		AppStore|Any CPU = AppStore|Any CPU
		AppStore|ARM = AppStore|ARM
		AppStore|iPhone = AppStore|iPhone
		AppStore|iPhoneSimulator = AppStore|iPhoneSimulator
		AppStore|x64 = AppStore|x64
		AppStore|x86 = AppStore|x86
		Debug|Any CPU = Debug|Any CPU
		Debug|ARM = Debug|ARM
		Debug|iPhone = Debug|iPhone
		Debug|iPhoneSimulator = Debug|iPhoneSimulator
		Debug|x64 = Debug|x64
		Debug|x86 = Debug|x86
		Release|Any CPU = Release|Any CPU
		Release|ARM = Release|ARM
		Release|iPhone = Release|iPhone
		Release|iPhoneSimulator = Release|iPhoneSimulator
		Release|x64 = Release|x64
		Release|x86 = Release|x86
	EndGlobalSection
	GlobalSection(ProjectConfigurationPlatforms) = postSolution
		{78056D65-E88C-4C19-ACAA-0D4613B1A5AB}.Ad-Hoc|Any CPU.ActiveCfg = Release|Any CPU
		{78056D65-E88C-4C19-ACAA-0D4613B1A5AB}.Ad-Hoc|Any CPU.Build.0 = Release|Any CPU
		{78056D65-E88C-4C19-ACAA-0D4613B1A5AB}.Ad-Hoc|Any CPU.Deploy.0 = Release|Any CPU
		{78056D65-E88C-4C19-ACAA-0D4613B1A5AB}.Ad-Hoc|ARM.ActiveCfg = Release|Any CPU
		{78056D65-E88C-4C19-ACAA-0D4613B1A5AB}.Ad-Hoc|ARM.Build.0 = Release|Any CPU
		{78056D65-E88C-4C19-ACAA-0D4613B1A5AB}.Ad-Hoc|ARM.Deploy.0 = Release|Any CPU
		{78056D65-E88C-4C19-ACAA-0D4613B1A5AB}.Ad-Hoc|iPhone.ActiveCfg = Release|Any CPU
		{78056D65-E88C-4C19-ACAA-0D4613B1A5AB}.Ad-Hoc|iPhone.Build.0 = Release|Any CPU
		{78056D65-E88C-4C19-ACAA-0D4613B1A5AB}.Ad-Hoc|iPhone.Deploy.0 = Release|Any CPU
		{78056D65-E88C-4C19-ACAA-0D4613B1A5AB}.Ad-Hoc|iPhoneSimulator.ActiveCfg = Release|Any CPU
		{78056D65-E88C-4C19-ACAA-0D4613B1A5AB}.Ad-Hoc|iPhoneSimulator.Build.0 = Release|Any CPU
		{78056D65-E88C-4C19-ACAA-0D4613B1A5AB}.Ad-Hoc|iPhoneSimulator.Deploy.0 = Release|Any CPU
		{78056D65-E88C-4C19-ACAA-0D4613B1A5AB}.Ad-Hoc|x64.ActiveCfg = Release|Any CPU
		{78056D65-E88C-4C19-ACAA-0D4613B1A5AB}.Ad-Hoc|x64.Build.0 = Release|Any CPU
		{78056D65-E88C-4C19-ACAA-0D4613B1A5AB}.Ad-Hoc|x64.Deploy.0 = Release|Any CPU
		{78056D65-E88C-4C19-ACAA-0D4613B1A5AB}.Ad-Hoc|x86.ActiveCfg = Release|Any CPU
		{78056D65-E88C-4C19-ACAA-0D4613B1A5AB}.Ad-Hoc|x86.Build.0 = Release|Any CPU
		{78056D65-E88C-4C19-ACAA-0D4613B1A5AB}.Ad-Hoc|x86.Deploy.0 = Release|Any CPU
		{78056D65-E88C-4C19-ACAA-0D4613B1A5AB}.AppStore|Any CPU.ActiveCfg = Release|Any CPU
		{78056D65-E88C-4C19-ACAA-0D4613B1A5AB}.AppStore|Any CPU.Build.0 = Release|Any CPU
		{78056D65-E88C-4C19-ACAA-0D4613B1A5AB}.AppStore|Any CPU.Deploy.0 = Release|Any CPU
		{78056D65-E88C-4C19-ACAA-0D4613B1A5AB}.AppStore|ARM.ActiveCfg = Release|Any CPU
		{78056D65-E88C-4C19-ACAA-0D4613B1A5AB}.AppStore|ARM.Build.0 = Release|Any CPU
		{78056D65-E88C-4C19-ACAA-0D4613B1A5AB}.AppStore|ARM.Deploy.0 = Release|Any CPU
		{78056D65-E88C-4C19-ACAA-0D4613B1A5AB}.AppStore|iPhone.ActiveCfg = Release|Any CPU
		{78056D65-E88C-4C19-ACAA-0D4613B1A5AB}.AppStore|iPhone.Build.0 = Release|Any CPU
		{78056D65-E88C-4C19-ACAA-0D4613B1A5AB}.AppStore|iPhone.Deploy.0 = Release|Any CPU
		{78056D65-E88C-4C19-ACAA-0D4613B1A5AB}.AppStore|iPhoneSimulator.ActiveCfg = Release|Any CPU
		{78056D65-E88C-4C19-ACAA-0D4613B1A5AB}.AppStore|iPhoneSimulator.Build.0 = Release|Any CPU
		{78056D65-E88C-4C19-ACAA-0D4613B1A5AB}.AppStore|iPhoneSimulator.Deploy.0 = Release|Any CPU
		{78056D65-E88C-4C19-ACAA-0D4613B1A5AB}.AppStore|x64.ActiveCfg = Release|Any CPU
		{78056D65-E88C-4C19-ACAA-0D4613B1A5AB}.AppStore|x64.Build.0 = Release|Any CPU
		{78056D65-E88C-4C19-ACAA-0D4613B1A5AB}.AppStore|x64.Deploy.0 = Release|Any CPU
		{78056D65-E88C-4C19-ACAA-0D4613B1A5AB}.AppStore|x86.ActiveCfg = Release|Any CPU
		{78056D65-E88C-4C19-ACAA-0D4613B1A5AB}.AppStore|x86.Build.0 = Release|Any CPU
		{78056D65-E88C-4C19-ACAA-0D4613B1A5AB}.AppStore|x86.Deploy.0 = Release|Any CPU
		{78056D65-E88C-4C19-ACAA-0D4613B1A5AB}.Debug|Any CPU.ActiveCfg = Debug|Any CPU
		{78056D65-E88C-4C19-ACAA-0D4613B1A5AB}.Debug|Any CPU.Build.0 = Debug|Any CPU
		{78056D65-E88C-4C19-ACAA-0D4613B1A5AB}.Debug|Any CPU.Deploy.0 = Debug|Any CPU
		{78056D65-E88C-4C19-ACAA-0D4613B1A5AB}.Debug|ARM.ActiveCfg = Debug|Any CPU
		{78056D65-E88C-4C19-ACAA-0D4613B1A5AB}.Debug|ARM.Build.0 = Debug|Any CPU
		{78056D65-E88C-4C19-ACAA-0D4613B1A5AB}.Debug|ARM.Deploy.0 = Debug|Any CPU
		{78056D65-E88C-4C19-ACAA-0D4613B1A5AB}.Debug|iPhone.ActiveCfg = Debug|Any CPU
		{78056D65-E88C-4C19-ACAA-0D4613B1A5AB}.Debug|iPhone.Build.0 = Debug|Any CPU
		{78056D65-E88C-4C19-ACAA-0D4613B1A5AB}.Debug|iPhone.Deploy.0 = Debug|Any CPU
		{78056D65-E88C-4C19-ACAA-0D4613B1A5AB}.Debug|iPhoneSimulator.ActiveCfg = Debug|Any CPU
		{78056D65-E88C-4C19-ACAA-0D4613B1A5AB}.Debug|iPhoneSimulator.Build.0 = Debug|Any CPU
		{78056D65-E88C-4C19-ACAA-0D4613B1A5AB}.Debug|iPhoneSimulator.Deploy.0 = Debug|Any CPU
		{78056D65-E88C-4C19-ACAA-0D4613B1A5AB}.Debug|x64.ActiveCfg = Debug|Any CPU
		{78056D65-E88C-4C19-ACAA-0D4613B1A5AB}.Debug|x64.Build.0 = Debug|Any CPU
		{78056D65-E88C-4C19-ACAA-0D4613B1A5AB}.Debug|x64.Deploy.0 = Debug|Any CPU
		{78056D65-E88C-4C19-ACAA-0D4613B1A5AB}.Debug|x86.ActiveCfg = Debug|Any CPU
		{78056D65-E88C-4C19-ACAA-0D4613B1A5AB}.Debug|x86.Build.0 = Debug|Any CPU
		{78056D65-E88C-4C19-ACAA-0D4613B1A5AB}.Debug|x86.Deploy.0 = Debug|Any CPU
		{78056D65-E88C-4C19-ACAA-0D4613B1A5AB}.Release|Any CPU.ActiveCfg = Release|Any CPU
		{78056D65-E88C-4C19-ACAA-0D4613B1A5AB}.Release|Any CPU.Build.0 = Release|Any CPU
		{78056D65-E88C-4C19-ACAA-0D4613B1A5AB}.Release|Any CPU.Deploy.0 = Release|Any CPU
		{78056D65-E88C-4C19-ACAA-0D4613B1A5AB}.Release|ARM.ActiveCfg = Release|Any CPU
		{78056D65-E88C-4C19-ACAA-0D4613B1A5AB}.Release|ARM.Build.0 = Release|Any CPU
		{78056D65-E88C-4C19-ACAA-0D4613B1A5AB}.Release|ARM.Deploy.0 = Release|Any CPU
		{78056D65-E88C-4C19-ACAA-0D4613B1A5AB}.Release|iPhone.ActiveCfg = Release|Any CPU
		{78056D65-E88C-4C19-ACAA-0D4613B1A5AB}.Release|iPhone.Build.0 = Release|Any CPU
		{78056D65-E88C-4C19-ACAA-0D4613B1A5AB}.Release|iPhone.Deploy.0 = Release|Any CPU
		{78056D65-E88C-4C19-ACAA-0D4613B1A5AB}.Release|iPhoneSimulator.ActiveCfg = Release|Any CPU
		{78056D65-E88C-4C19-ACAA-0D4613B1A5AB}.Release|iPhoneSimulator.Build.0 = Release|Any CPU
		{78056D65-E88C-4C19-ACAA-0D4613B1A5AB}.Release|iPhoneSimulator.Deploy.0 = Release|Any CPU
		{78056D65-E88C-4C19-ACAA-0D4613B1A5AB}.Release|x64.ActiveCfg = Release|Any CPU
		{78056D65-E88C-4C19-ACAA-0D4613B1A5AB}.Release|x64.Build.0 = Release|Any CPU
		{78056D65-E88C-4C19-ACAA-0D4613B1A5AB}.Release|x64.Deploy.0 = Release|Any CPU
		{78056D65-E88C-4C19-ACAA-0D4613B1A5AB}.Release|x86.ActiveCfg = Release|Any CPU
		{78056D65-E88C-4C19-ACAA-0D4613B1A5AB}.Release|x86.Build.0 = Release|Any CPU
		{78056D65-E88C-4C19-ACAA-0D4613B1A5AB}.Release|x86.Deploy.0 = Release|Any CPU
		{6F56397B-EFF5-400D-BF2F-C73201E74DE9}.Ad-Hoc|Any CPU.ActiveCfg = Ad-Hoc|iPhone
		{6F56397B-EFF5-400D-BF2F-C73201E74DE9}.Ad-Hoc|ARM.ActiveCfg = Ad-Hoc|iPhone
		{6F56397B-EFF5-400D-BF2F-C73201E74DE9}.Ad-Hoc|iPhone.ActiveCfg = Ad-Hoc|iPhone
		{6F56397B-EFF5-400D-BF2F-C73201E74DE9}.Ad-Hoc|iPhone.Build.0 = Ad-Hoc|iPhone
		{6F56397B-EFF5-400D-BF2F-C73201E74DE9}.Ad-Hoc|iPhoneSimulator.ActiveCfg = Ad-Hoc|iPhoneSimulator
		{6F56397B-EFF5-400D-BF2F-C73201E74DE9}.Ad-Hoc|iPhoneSimulator.Build.0 = Ad-Hoc|iPhoneSimulator
		{6F56397B-EFF5-400D-BF2F-C73201E74DE9}.Ad-Hoc|x64.ActiveCfg = Ad-Hoc|iPhone
		{6F56397B-EFF5-400D-BF2F-C73201E74DE9}.Ad-Hoc|x86.ActiveCfg = Ad-Hoc|iPhone
		{6F56397B-EFF5-400D-BF2F-C73201E74DE9}.AppStore|Any CPU.ActiveCfg = AppStore|iPhone
		{6F56397B-EFF5-400D-BF2F-C73201E74DE9}.AppStore|ARM.ActiveCfg = AppStore|iPhone
		{6F56397B-EFF5-400D-BF2F-C73201E74DE9}.AppStore|iPhone.ActiveCfg = AppStore|iPhone
		{6F56397B-EFF5-400D-BF2F-C73201E74DE9}.AppStore|iPhone.Build.0 = AppStore|iPhone
		{6F56397B-EFF5-400D-BF2F-C73201E74DE9}.AppStore|iPhoneSimulator.ActiveCfg = AppStore|iPhoneSimulator
		{6F56397B-EFF5-400D-BF2F-C73201E74DE9}.AppStore|iPhoneSimulator.Build.0 = AppStore|iPhoneSimulator
		{6F56397B-EFF5-400D-BF2F-C73201E74DE9}.AppStore|x64.ActiveCfg = AppStore|iPhone
		{6F56397B-EFF5-400D-BF2F-C73201E74DE9}.AppStore|x86.ActiveCfg = AppStore|iPhone
		{6F56397B-EFF5-400D-BF2F-C73201E74DE9}.Debug|Any CPU.ActiveCfg = Debug|iPhone
		{6F56397B-EFF5-400D-BF2F-C73201E74DE9}.Debug|ARM.ActiveCfg = Debug|iPhone
		{6F56397B-EFF5-400D-BF2F-C73201E74DE9}.Debug|iPhone.ActiveCfg = Debug|iPhone
		{6F56397B-EFF5-400D-BF2F-C73201E74DE9}.Debug|iPhone.Build.0 = Debug|iPhone
		{6F56397B-EFF5-400D-BF2F-C73201E74DE9}.Debug|iPhoneSimulator.ActiveCfg = Debug|iPhoneSimulator
		{6F56397B-EFF5-400D-BF2F-C73201E74DE9}.Debug|iPhoneSimulator.Build.0 = Debug|iPhoneSimulator
		{6F56397B-EFF5-400D-BF2F-C73201E74DE9}.Debug|x64.ActiveCfg = Debug|iPhone
		{6F56397B-EFF5-400D-BF2F-C73201E74DE9}.Debug|x86.ActiveCfg = Debug|iPhone
		{6F56397B-EFF5-400D-BF2F-C73201E74DE9}.Release|Any CPU.ActiveCfg = Release|iPhone
		{6F56397B-EFF5-400D-BF2F-C73201E74DE9}.Release|ARM.ActiveCfg = Release|iPhone
		{6F56397B-EFF5-400D-BF2F-C73201E74DE9}.Release|iPhone.ActiveCfg = Release|iPhone
		{6F56397B-EFF5-400D-BF2F-C73201E74DE9}.Release|iPhone.Build.0 = Release|iPhone
		{6F56397B-EFF5-400D-BF2F-C73201E74DE9}.Release|iPhoneSimulator.ActiveCfg = Release|iPhoneSimulator
		{6F56397B-EFF5-400D-BF2F-C73201E74DE9}.Release|iPhoneSimulator.Build.0 = Release|iPhoneSimulator
		{6F56397B-EFF5-400D-BF2F-C73201E74DE9}.Release|x64.ActiveCfg = Release|iPhone
		{6F56397B-EFF5-400D-BF2F-C73201E74DE9}.Release|x86.ActiveCfg = Release|iPhone
		{0C7FD17A-5975-4D17-83D3-F811B8DDD773}.Ad-Hoc|Any CPU.ActiveCfg = Release|x86
		{0C7FD17A-5975-4D17-83D3-F811B8DDD773}.Ad-Hoc|Any CPU.Build.0 = Release|x86
		{0C7FD17A-5975-4D17-83D3-F811B8DDD773}.Ad-Hoc|Any CPU.Deploy.0 = Release|x86
		{0C7FD17A-5975-4D17-83D3-F811B8DDD773}.Ad-Hoc|ARM.ActiveCfg = Release|ARM
		{0C7FD17A-5975-4D17-83D3-F811B8DDD773}.Ad-Hoc|ARM.Build.0 = Release|ARM
		{0C7FD17A-5975-4D17-83D3-F811B8DDD773}.Ad-Hoc|ARM.Deploy.0 = Release|ARM
		{0C7FD17A-5975-4D17-83D3-F811B8DDD773}.Ad-Hoc|iPhone.ActiveCfg = Release|x86
		{0C7FD17A-5975-4D17-83D3-F811B8DDD773}.Ad-Hoc|iPhone.Build.0 = Release|x86
		{0C7FD17A-5975-4D17-83D3-F811B8DDD773}.Ad-Hoc|iPhone.Deploy.0 = Release|x86
		{0C7FD17A-5975-4D17-83D3-F811B8DDD773}.Ad-Hoc|iPhoneSimulator.ActiveCfg = Release|x86
		{0C7FD17A-5975-4D17-83D3-F811B8DDD773}.Ad-Hoc|iPhoneSimulator.Build.0 = Release|x86
		{0C7FD17A-5975-4D17-83D3-F811B8DDD773}.Ad-Hoc|iPhoneSimulator.Deploy.0 = Release|x86
		{0C7FD17A-5975-4D17-83D3-F811B8DDD773}.Ad-Hoc|x64.ActiveCfg = Release|x64
		{0C7FD17A-5975-4D17-83D3-F811B8DDD773}.Ad-Hoc|x64.Build.0 = Release|x64
		{0C7FD17A-5975-4D17-83D3-F811B8DDD773}.Ad-Hoc|x64.Deploy.0 = Release|x64
		{0C7FD17A-5975-4D17-83D3-F811B8DDD773}.Ad-Hoc|x86.ActiveCfg = Release|x86
		{0C7FD17A-5975-4D17-83D3-F811B8DDD773}.Ad-Hoc|x86.Build.0 = Release|x86
		{0C7FD17A-5975-4D17-83D3-F811B8DDD773}.Ad-Hoc|x86.Deploy.0 = Release|x86
		{0C7FD17A-5975-4D17-83D3-F811B8DDD773}.AppStore|Any CPU.ActiveCfg = Release|x86
		{0C7FD17A-5975-4D17-83D3-F811B8DDD773}.AppStore|Any CPU.Build.0 = Release|x86
		{0C7FD17A-5975-4D17-83D3-F811B8DDD773}.AppStore|Any CPU.Deploy.0 = Release|x86
		{0C7FD17A-5975-4D17-83D3-F811B8DDD773}.AppStore|ARM.ActiveCfg = Release|ARM
		{0C7FD17A-5975-4D17-83D3-F811B8DDD773}.AppStore|ARM.Build.0 = Release|ARM
		{0C7FD17A-5975-4D17-83D3-F811B8DDD773}.AppStore|ARM.Deploy.0 = Release|ARM
		{0C7FD17A-5975-4D17-83D3-F811B8DDD773}.AppStore|iPhone.ActiveCfg = Release|x86
		{0C7FD17A-5975-4D17-83D3-F811B8DDD773}.AppStore|iPhone.Build.0 = Release|x86
		{0C7FD17A-5975-4D17-83D3-F811B8DDD773}.AppStore|iPhone.Deploy.0 = Release|x86
		{0C7FD17A-5975-4D17-83D3-F811B8DDD773}.AppStore|iPhoneSimulator.ActiveCfg = Release|x86
		{0C7FD17A-5975-4D17-83D3-F811B8DDD773}.AppStore|iPhoneSimulator.Build.0 = Release|x86
		{0C7FD17A-5975-4D17-83D3-F811B8DDD773}.AppStore|iPhoneSimulator.Deploy.0 = Release|x86
		{0C7FD17A-5975-4D17-83D3-F811B8DDD773}.AppStore|x64.ActiveCfg = Release|x64
		{0C7FD17A-5975-4D17-83D3-F811B8DDD773}.AppStore|x64.Build.0 = Release|x64
		{0C7FD17A-5975-4D17-83D3-F811B8DDD773}.AppStore|x64.Deploy.0 = Release|x64
		{0C7FD17A-5975-4D17-83D3-F811B8DDD773}.AppStore|x86.ActiveCfg = Release|x86
		{0C7FD17A-5975-4D17-83D3-F811B8DDD773}.AppStore|x86.Build.0 = Release|x86
		{0C7FD17A-5975-4D17-83D3-F811B8DDD773}.AppStore|x86.Deploy.0 = Release|x86
		{0C7FD17A-5975-4D17-83D3-F811B8DDD773}.Debug|Any CPU.ActiveCfg = Debug|x86
		{0C7FD17A-5975-4D17-83D3-F811B8DDD773}.Debug|ARM.ActiveCfg = Debug|ARM
		{0C7FD17A-5975-4D17-83D3-F811B8DDD773}.Debug|ARM.Build.0 = Debug|ARM
		{0C7FD17A-5975-4D17-83D3-F811B8DDD773}.Debug|ARM.Deploy.0 = Debug|ARM
		{0C7FD17A-5975-4D17-83D3-F811B8DDD773}.Debug|iPhone.ActiveCfg = Debug|x86
		{0C7FD17A-5975-4D17-83D3-F811B8DDD773}.Debug|iPhoneSimulator.ActiveCfg = Debug|x86
		{0C7FD17A-5975-4D17-83D3-F811B8DDD773}.Debug|x64.ActiveCfg = Debug|x64
		{0C7FD17A-5975-4D17-83D3-F811B8DDD773}.Debug|x64.Build.0 = Debug|x64
		{0C7FD17A-5975-4D17-83D3-F811B8DDD773}.Debug|x64.Deploy.0 = Debug|x64
		{0C7FD17A-5975-4D17-83D3-F811B8DDD773}.Debug|x86.ActiveCfg = Debug|x86
		{0C7FD17A-5975-4D17-83D3-F811B8DDD773}.Debug|x86.Build.0 = Debug|x86
		{0C7FD17A-5975-4D17-83D3-F811B8DDD773}.Debug|x86.Deploy.0 = Debug|x86
		{0C7FD17A-5975-4D17-83D3-F811B8DDD773}.Release|Any CPU.ActiveCfg = Release|x86
		{0C7FD17A-5975-4D17-83D3-F811B8DDD773}.Release|ARM.ActiveCfg = Release|ARM
		{0C7FD17A-5975-4D17-83D3-F811B8DDD773}.Release|ARM.Build.0 = Release|ARM
		{0C7FD17A-5975-4D17-83D3-F811B8DDD773}.Release|ARM.Deploy.0 = Release|ARM
		{0C7FD17A-5975-4D17-83D3-F811B8DDD773}.Release|iPhone.ActiveCfg = Release|x86
		{0C7FD17A-5975-4D17-83D3-F811B8DDD773}.Release|iPhoneSimulator.ActiveCfg = Release|x86
		{0C7FD17A-5975-4D17-83D3-F811B8DDD773}.Release|x64.ActiveCfg = Release|x64
		{0C7FD17A-5975-4D17-83D3-F811B8DDD773}.Release|x64.Build.0 = Release|x64
		{0C7FD17A-5975-4D17-83D3-F811B8DDD773}.Release|x64.Deploy.0 = Release|x64
		{0C7FD17A-5975-4D17-83D3-F811B8DDD773}.Release|x86.ActiveCfg = Release|x86
		{0C7FD17A-5975-4D17-83D3-F811B8DDD773}.Release|x86.Build.0 = Release|x86
		{0C7FD17A-5975-4D17-83D3-F811B8DDD773}.Release|x86.Deploy.0 = Release|x86
	EndGlobalSection
	GlobalSection(SolutionProperties) = preSolution
		HideSolutionNode = FALSE
	EndGlobalSection
	GlobalSection(ExtensibilityGlobals) = postSolution
		SolutionGuid = {11B9C7E3-5330-4200-A9EA-F30A98C9D391}
	EndGlobalSection
EndGlobal
